{
  "name": "inktty",
  "version": "1.0.0",
  "lockfileVersion": 3,
  "requires": true,
  "packages": {
    "": {
      "name": "inktty",
      "version": "1.0.0",
      "dependencies": {
        "@opentui/core": "0.1.102",
        "@opentui/react": "0.1.102",
        "@tree-sitter-grammars/tree-sitter-yaml": "^0.7.1",
        "react": "^19.2.4",
        "tree-sitter-bash": "^0.25.1",
        "tree-sitter-java": "^0.23.5",
        "tree-sitter-json": "^0.24.8",
        "web-tree-sitter": "0.25.10"
      },
      "bin": {
        "ink": "bin/ink.tsx"
      },
      "devDependencies": {
        "@biomejs/biome": "^2.4.12",
        "@types/bun": "latest",
        "@types/react": "^19.2.4",
        "typescript": "6.0.3"
      },
      "engines": {
        "bun": ">=1.0.0"
      }
    },
    "node_modules/@biomejs/biome": {
      "version": "2.4.12",
      "dev": true,
      "license": "MIT OR Apache-2.0",
      "bin": {
        "biome": "bin/biome"
      },
      "engines": {
        "node": ">=14.21.3"
      },
      "funding": {
        "type": "opencollective",
        "url": "https://opencollective.com/biome"
      },
      "optionalDependencies": {
        "@biomejs/cli-darwin-arm64": "2.4.12",
        "@biomejs/cli-darwin-x64": "2.4.12",
        "@biomejs/cli-linux-arm64": "2.4.12",
        "@biomejs/cli-linux-arm64-musl": "2.4.12",
        "@biomejs/cli-linux-x64": "2.4.12",
        "@biomejs/cli-linux-x64-musl": "2.4.12",
        "@biomejs/cli-win32-arm64": "2.4.12",
        "@biomejs/cli-win32-x64": "2.4.12"
      }
    },
    "node_modules/@biomejs/cli-darwin-arm64": {
      "version": "2.4.12",
      "cpu": [
        "arm64"
      ],
      "dev": true,
      "license": "MIT OR Apache-2.0",
      "optional": true,
      "os": [
        "darwin"
      ],
      "engines": {
        "node": ">=14.21.3"
      }
    },
    "node_modules/@biomejs/cli-darwin-x64": {
      "version": "2.4.12",
      "resolved": "https://registry.npmjs.org/@biomejs/cli-darwin-x64/-/cli-darwin-x64-2.4.12.tgz",
      "integrity": "sha512-x9uJ0bI1rJsWICp3VH8w/5PnAVD3A7SqzDpbrfoUQX1QyWrK5jSU4fRLo/wSgGeplCivbxBRKmt5Xq4/nWvq8A==",
      "cpu": [
        "x64"
      ],
      "dev": true,
      "license": "MIT OR Apache-2.0",
      "optional": true,
      "os": [
        "darwin"
      ],
      "engines": {
        "node": ">=14.21.3"
      }
    },
    "node_modules/@biomejs/cli-linux-arm64": {
      "version": "2.4.12",
      "resolved": "https://registry.npmjs.org/@biomejs/cli-linux-arm64/-/cli-linux-arm64-2.4.12.tgz",
      "integrity": "sha512-tOwuCuZZtKi1jVzbk/5nXmIsziOB6yqN8c9r9QM0EJYPU6DpQWf11uBOSCfFKKM4H3d9ZoarvlgMfbcuD051Pw==",
      "cpu": [
        "arm64"
      ],
      "dev": true,
      "libc": [
        "glibc"
      ],
      "license": "MIT OR Apache-2.0",
      "optional": true,
      "os": [
        "linux"
      ],
      "engines": {
        "node": ">=14.21.3"
      }
    },
    "node_modules/@biomejs/cli-linux-arm64-musl": {
      "version": "2.4.12",
      "resolved": "https://registry.npmjs.org/@biomejs/cli-linux-arm64-musl/-/cli-linux-arm64-musl-2.4.12.tgz",
      "integrity": "sha512-FhfpkAAlKL6kwvcVap0Hgp4AhZmtd3YImg0kK1jd7C/aSoh4SfsB2f++yG1rU0lr8Y5MCFJrcSkmssiL9Xnnig==",
      "cpu": [
        "arm64"
      ],
      "dev": true,
      "libc": [
        "musl"
      ],
      "license": "MIT OR Apache-2.0",
      "optional": true,
      "os": [
        "linux"
      ],
      "engines": {
        "node": ">=14.21.3"
      }
    },
    "node_modules/@biomejs/cli-linux-x64": {
      "version": "2.4.12",
      "resolved": "https://registry.npmjs.org/@biomejs/cli-linux-x64/-/cli-linux-x64-2.4.12.tgz",
      "integrity": "sha512-8pFeAnLU9QdW9jCIslB/v82bI0lhBmz2ZAKc8pVMFPO0t0wAHsoEkrUQUbMkIorTRIjbqyNZHA3lEXavsPWYSw==",
      "cpu": [
        "x64"
      ],
      "dev": true,
      "libc": [
        "glibc"
      ],
      "license": "MIT OR Apache-2.0",
      "optional": true,
      "os": [
        "linux"
      ],
      "engines": {
        "node": ">=14.21.3"
      }
    },
    "node_modules/@biomejs/cli-linux-x64-musl": {
      "version": "2.4.12",
      "resolved": "https://registry.npmjs.org/@biomejs/cli-linux-x64-musl/-/cli-linux-x64-musl-2.4.12.tgz",
      "integrity": "sha512-dwTIgZrGutzhkQCuvHynCkyW6hJxUuyZqKKO0YNfaS2GUoRO+tOvxXZqZB6SkWAOdfZTzwaw8IEdUnIkHKHoew==",
      "cpu": [
        "x64"
      ],
      "dev": true,
      "libc": [
        "musl"
      ],
      "license": "MIT OR Apache-2.0",
      "optional": true,
      "os": [
        "linux"
      ],
      "engines": {
        "node": ">=14.21.3"
      }
    },
    "node_modules/@biomejs/cli-win32-arm64": {
      "version": "2.4.12",
      "resolved": "https://registry.npmjs.org/@biomejs/cli-win32-arm64/-/cli-win32-arm64-2.4.12.tgz",
      "integrity": "sha512-B0DLnx0vA9ya/3v7XyCaP+/lCpnbWbMOfUFFve+xb5OxyYvdHaS55YsSddr228Y+JAFk58agCuZTsqNiw2a6ig==",
      "cpu": [
        "arm64"
      ],
      "dev": true,
      "license": "MIT OR Apache-2.0",
      "optional": true,
      "os": [
        "win32"
      ],
      "engines": {
        "node": ">=14.21.3"
      }
    },
    "node_modules/@biomejs/cli-win32-x64": {
      "version": "2.4.12",
      "resolved": "https://registry.npmjs.org/@biomejs/cli-win32-x64/-/cli-win32-x64-2.4.12.tgz",
      "integrity": "sha512-yMckRzTyZ83hkk8iDFWswqSdU8tvZxspJKnYNh7JZr/zhZNOlzH13k4ecboU6MurKExCe2HUkH75pGI/O2JwGA==",
      "cpu": [
        "x64"
      ],
      "dev": true,
      "license": "MIT OR Apache-2.0",
      "optional": true,
      "os": [
        "win32"
      ],
      "engines": {
        "node": ">=14.21.3"
      }
    },
    "node_modules/@dimforge/rapier2d-simd-compat": {
      "version": "0.17.3",
      "license": "Apache-2.0",
      "optional": true
    },
    "node_modules/@jimp/core": {
      "version": "1.6.0",
      "license": "MIT",
      "dependencies": {
        "@jimp/file-ops": "1.6.0",
        "@jimp/types": "1.6.0",
        "@jimp/utils": "1.6.0",
        "await-to-js": "^3.0.0",
        "exif-parser": "^0.1.12",
        "file-type": "^16.0.0",
        "mime": "3"
      },
      "engines": {
        "node": ">=18"
      }
    },
    "node_modules/@jimp/diff": {
      "version": "1.6.0",
      "license": "MIT",
      "dependencies": {
        "@jimp/plugin-resize": "1.6.0",
        "@jimp/types": "1.6.0",
        "@jimp/utils": "1.6.0",
        "pixelmatch": "^5.3.0"
      },
      "engines": {
        "node": ">=18"
      }
    },
    "node_modules/@jimp/file-ops": {
      "version": "1.6.0",
      "license": "MIT",
      "engines": {
        "node": ">=18"
      }
    },
    "node_modules/@jimp/js-bmp": {
      "version": "1.6.0",
      "license": "MIT",
      "dependencies": {
        "@jimp/core": "1.6.0",
        "@jimp/types": "1.6.0",
        "@jimp/utils": "1.6.0",
        "bmp-ts": "^1.0.9"
      },
      "engines": {
        "node": ">=18"
      }
    },
    "node_modules/@jimp/js-gif": {
      "version": "1.6.0",
      "license": "MIT",
      "dependencies": {
        "@jimp/core": "1.6.0",
        "@jimp/types": "1.6.0",
        "gifwrap": "^0.10.1",
        "omggif": "^1.0.10"
      },
      "engines": {
        "node": ">=18"
      }
    },
    "node_modules/@jimp/js-jpeg": {
      "version": "1.6.0",
      "license": "MIT",
      "dependencies": {
        "@jimp/core": "1.6.0",
        "@jimp/types": "1.6.0",
        "jpeg-js": "^0.4.4"
      },
      "engines": {
        "node": ">=18"
      }
    },
    "node_modules/@jimp/js-png": {
      "version": "1.6.0",
      "license": "MIT",
      "dependencies": {
        "@jimp/core": "1.6.0",
        "@jimp/types": "1.6.0",
        "pngjs": "^7.0.0"
      },
      "engines": {
        "node": ">=18"
      }
    },
    "node_modules/@jimp/js-tiff": {
      "version": "1.6.0",
      "license": "MIT",
      "dependencies": {
        "@jimp/core": "1.6.0",
        "@jimp/types": "1.6.0",
        "utif2": "^4.1.0"
      },
      "engines": {
        "node": ">=18"
      }
    },
    "node_modules/@jimp/plugin-blit": {
      "version": "1.6.0",
      "license": "MIT",
      "dependencies": {
        "@jimp/types": "1.6.0",
        "@jimp/utils": "1.6.0",
        "zod": "^3.23.8"
      },
      "engines": {
        "node": ">=18"
      }
    },
    "node_modules/@jimp/plugin-blur": {
      "version": "1.6.0",
      "license": "MIT",
      "dependencies": {
        "@jimp/core": "1.6.0",
        "@jimp/utils": "1.6.0"
      },
      "engines": {
        "node": ">=18"
      }
    },
    "node_modules/@jimp/plugin-circle": {
      "version": "1.6.0",
      "license": "MIT",
      "dependencies": {
        "@jimp/types": "1.6.0",
        "zod": "^3.23.8"
      },
      "engines": {
        "node": ">=18"
      }
    },
    "node_modules/@jimp/plugin-color": {
      "version": "1.6.0",
      "license": "MIT",
      "dependencies": {
        "@jimp/core": "1.6.0",
        "@jimp/types": "1.6.0",
        "@jimp/utils": "1.6.0",
        "tinycolor2": "^1.6.0",
        "zod": "^3.23.8"
      },
      "engines": {
        "node": ">=18"
      }
    },
    "node_modules/@jimp/plugin-contain": {
      "version": "1.6.0",
      "license": "MIT",
      "dependencies": {
        "@jimp/core": "1.6.0",
        "@jimp/plugin-blit": "1.6.0",
        "@jimp/plugin-resize": "1.6.0",
        "@jimp/types": "1.6.0",
        "@jimp/utils": "1.6.0",
        "zod": "^3.23.8"
      },
      "engines": {
        "node": ">=18"
      }
    },
    "node_modules/@jimp/plugin-cover": {
      "version": "1.6.0",
      "license": "MIT",
      "dependencies": {
        "@jimp/core": "1.6.0",
        "@jimp/plugin-crop": "1.6.0",
        "@jimp/plugin-resize": "1.6.0",
        "@jimp/types": "1.6.0",
        "zod": "^3.23.8"
      },
      "engines": {
        "node": ">=18"
      }
    },
    "node_modules/@jimp/plugin-crop": {
      "version": "1.6.0",
      "license": "MIT",
      "dependencies": {
        "@jimp/core": "1.6.0",
        "@jimp/types": "1.6.0",
        "@jimp/utils": "1.6.0",
        "zod": "^3.23.8"
      },
      "engines": {
        "node": ">=18"
      }
    },
    "node_modules/@jimp/plugin-displace": {
      "version": "1.6.0",
      "license": "MIT",
      "dependencies": {
        "@jimp/types": "1.6.0",
        "@jimp/utils": "1.6.0",
        "zod": "^3.23.8"
      },
      "engines": {
        "node": ">=18"
      }
    },
    "node_modules/@jimp/plugin-dither": {
      "version": "1.6.0",
      "license": "MIT",
      "dependencies": {
        "@jimp/types": "1.6.0"
      },
      "engines": {
        "node": ">=18"
      }
    },
    "node_modules/@jimp/plugin-fisheye": {
      "version": "1.6.0",
      "license": "MIT",
      "dependencies": {
        "@jimp/types": "1.6.0",
        "@jimp/utils": "1.6.0",
        "zod": "^3.23.8"
      },
      "engines": {
        "node": ">=18"
      }
    },
    "node_modules/@jimp/plugin-flip": {
      "version": "1.6.0",
      "license": "MIT",
      "dependencies": {
        "@jimp/types": "1.6.0",
        "zod": "^3.23.8"
      },
      "engines": {
        "node": ">=18"
      }
    },
    "node_modules/@jimp/plugin-hash": {
      "version": "1.6.0",
      "license": "MIT",
      "dependencies": {
        "@jimp/core": "1.6.0",
        "@jimp/js-bmp": "1.6.0",
        "@jimp/js-jpeg": "1.6.0",
        "@jimp/js-png": "1.6.0",
        "@jimp/js-tiff": "1.6.0",
        "@jimp/plugin-color": "1.6.0",
        "@jimp/plugin-resize": "1.6.0",
        "@jimp/types": "1.6.0",
        "@jimp/utils": "1.6.0",
        "any-base": "^1.1.0"
      },
      "engines": {
        "node": ">=18"
      }
    },
    "node_modules/@jimp/plugin-mask": {
      "version": "1.6.0",
      "license": "MIT",
      "dependencies": {
        "@jimp/types": "1.6.0",
        "zod": "^3.23.8"
      },
      "engines": {
        "node": ">=18"
      }
    },
    "node_modules/@jimp/plugin-print": {
      "version": "1.6.0",
      "license": "MIT",
      "dependencies": {
        "@jimp/core": "1.6.0",
        "@jimp/js-jpeg": "1.6.0",
        "@jimp/js-png": "1.6.0",
        "@jimp/plugin-blit": "1.6.0",
        "@jimp/types": "1.6.0",
        "parse-bmfont-ascii": "^1.0.6",
        "parse-bmfont-binary": "^1.0.6",
        "parse-bmfont-xml": "^1.1.6",
        "simple-xml-to-json": "^1.2.2",
        "zod": "^3.23.8"
      },
      "engines": {
        "node": ">=18"
      }
    },
    "node_modules/@jimp/plugin-quantize": {
      "version": "1.6.0",
      "license": "MIT",
      "dependencies": {
        "image-q": "^4.0.0",
        "zod": "^3.23.8"
      },
      "engines": {
        "node": ">=18"
      }
    },
    "node_modules/@jimp/plugin-resize": {
      "version": "1.6.0",
      "license": "MIT",
      "dependencies": {
        "@jimp/core": "1.6.0",
        "@jimp/types": "1.6.0",
        "zod": "^3.23.8"
      },
      "engines": {
        "node": ">=18"
      }
    },
    "node_modules/@jimp/plugin-rotate": {
      "version": "1.6.0",
      "license": "MIT",
      "dependencies": {
        "@jimp/core": "1.6.0",
        "@jimp/plugin-crop": "1.6.0",
        "@jimp/plugin-resize": "1.6.0",
        "@jimp/types": "1.6.0",
        "@jimp/utils": "1.6.0",
        "zod": "^3.23.8"
      },
      "engines": {
        "node": ">=18"
      }
    },
    "node_modules/@jimp/plugin-threshold": {
      "version": "1.6.0",
      "license": "MIT",
      "dependencies": {
        "@jimp/core": "1.6.0",
        "@jimp/plugin-color": "1.6.0",
        "@jimp/plugin-hash": "1.6.0",
        "@jimp/types": "1.6.0",
        "@jimp/utils": "1.6.0",
        "zod": "^3.23.8"
      },
      "engines": {
        "node": ">=18"
      }
    },
    "node_modules/@jimp/types": {
      "version": "1.6.0",
      "license": "MIT",
      "dependencies": {
        "zod": "^3.23.8"
      },
      "engines": {
        "node": ">=18"
      }
    },
    "node_modules/@jimp/utils": {
      "version": "1.6.0",
      "license": "MIT",
      "dependencies": {
        "@jimp/types": "1.6.0",
        "tinycolor2": "^1.6.0"
      },
      "engines": {
        "node": ">=18"
      }
    },
    "node_modules/@opentui/core": {
      "version": "0.1.102",
      "resolved": "https://registry.npmjs.org/@opentui/core/-/core-0.1.102.tgz",
      "integrity": "sha512-gNbU4XnSifo429nZ6T4jcxSmp5pFDrh0AsGJ73Vmlpc4YVWnLJ25RGsZXRsJhvxUK9OtAWJj2wq/kmiFcPLBCw==",
      "license": "MIT",
      "dependencies": {
        "bun-ffi-structs": "0.1.2",
        "diff": "8.0.2",
        "jimp": "1.6.0",
        "marked": "17.0.1",
        "yoga-layout": "3.2.1"
      },
      "optionalDependencies": {
        "@dimforge/rapier2d-simd-compat": "^0.17.3",
        "@opentui/core-darwin-arm64": "0.1.102",
        "@opentui/core-darwin-x64": "0.1.102",
        "@opentui/core-linux-arm64": "0.1.102",
        "@opentui/core-linux-x64": "0.1.102",
        "@opentui/core-win32-arm64": "0.1.102",
        "@opentui/core-win32-x64": "0.1.102",
        "bun-webgpu": "0.1.5",
        "planck": "^1.4.2",
        "three": "0.177.0"
      },
      "peerDependencies": {
        "web-tree-sitter": "0.25.10"
      }
    },
    "node_modules/@opentui/core-darwin-arm64": {
      "version": "0.1.102",
      "resolved": "https://registry.npmjs.org/@opentui/core-darwin-arm64/-/core-darwin-arm64-0.1.102.tgz",
      "integrity": "sha512-vAYNfWhCIGnGGLRu4janrdE4z/WGeRVVJ7rRRmxWliFZfn+i29Pvrc+orKo0He6UO9nB1dLVIhmW8dlINPvhgQ==",
      "cpu": [
        "arm64"
      ],
      "license": "MIT",
      "optional": true,
      "os": [
        "darwin"
      ]
    },
    "node_modules/@opentui/core-darwin-x64": {
      "version": "0.1.102",
      "resolved": "https://registry.npmjs.org/@opentui/core-darwin-x64/-/core-darwin-x64-0.1.102.tgz",
      "integrity": "sha512-BSiZx0QzQ+MUm+XMrktBMyYQKifvy4FFvxqVIhKJv9xlHTTdsFtN/RZ/vuExLn6Xxv9d19psqSbTEJ+HGe76mw==",
      "cpu": [
        "x64"
      ],
      "license": "MIT",
      "optional": true,
      "os": [
        "darwin"
      ]
    },
    "node_modules/@opentui/core-linux-arm64": {
      "version": "0.1.102",
      "resolved": "https://registry.npmjs.org/@opentui/core-linux-arm64/-/core-linux-arm64-0.1.102.tgz",
      "integrity": "sha512-/49i8RnBQ28o30G6/5Ni4CCtgwOzGn3/NzJbUcfIctXMBiNdoH3v1iSS+XlUREolMNz7l1zcJ6+9OvCRaV7DdA==",
      "cpu": [
        "arm64"
      ],
      "license": "MIT",
      "optional": true,
      "os": [
        "linux"
      ]
    },
    "node_modules/@opentui/core-linux-x64": {
      "version": "0.1.102",
      "resolved": "https://registry.npmjs.org/@opentui/core-linux-x64/-/core-linux-x64-0.1.102.tgz",
      "integrity": "sha512-XpkQ+nUaa4HY6poJqfJEkSFil5CDyXzpQsnU5nUAwJXrHLUJOh8Gwx+F1UdoD/JNwBFlJ1Xhzpp3CdmuFXPdyQ==",
      "cpu": [
        "x64"
      ],
      "license": "MIT",
      "optional": true,
      "os": [
        "linux"
      ]
    },
    "node_modules/@opentui/core-win32-arm64": {
      "version": "0.1.102",
      "resolved": "https://registry.npmjs.org/@opentui/core-win32-arm64/-/core-win32-arm64-0.1.102.tgz",
      "integrity": "sha512-AeoCvtlb/RhDRukFDSmblT5EJFvSwftRp2DGEwZ1leu+zkmp0Ffykn3mGWR2UQUyPTVOGRWKGGyp/Kg2SeniAA==",
      "cpu": [
        "arm64"
      ],
      "license": "MIT",
      "optional": true,
      "os": [
        "win32"
      ]
    },
    "node_modules/@opentui/core-win32-x64": {
      "version": "0.1.102",
      "resolved": "https://registry.npmjs.org/@opentui/core-win32-x64/-/core-win32-x64-0.1.102.tgz",
      "integrity": "sha512-9Lzd+XkLOJRqhe54bDdorviHAFuO1SPIQMqPieE4bszkiUwekEdgg5x9ymwHh5OUCh0Wiwstl42G4f7BjvMIcA==",
      "cpu": [
        "x64"
      ],
      "license": "MIT",
      "optional": true,
      "os": [
        "win32"
      ]
    },
    "node_modules/@opentui/core/node_modules/bun-ffi-structs": {
      "version": "0.1.2",
      "resolved": "https://registry.npmjs.org/bun-ffi-structs/-/bun-ffi-structs-0.1.2.tgz",
      "integrity": "sha512-Lh1oQAYHDcnesJauieA4UNkWGXY9hYck7OA5IaRwE3Bp6K2F2pJSNYqq+hIy7P3uOvo3km3oxS8304g5gDMl/w==",
      "license": "MIT",
      "peerDependencies": {
        "typescript": "^5"
      }
    },
    "node_modules/@opentui/core/node_modules/typescript": {
      "version": "5.9.3",
      "resolved": "https://registry.npmjs.org/typescript/-/typescript-5.9.3.tgz",
      "integrity": "sha512-jl1vZzPDinLr9eUt3J/t7V6FgNEw9QjvBPdysz9KfQDD41fQrC2Y4vKQdiaUpFT4bXlb1RHhLpp8wtm6M5TgSw==",
      "license": "Apache-2.0",
      "peer": true,
      "bin": {
        "tsc": "bin/tsc",
        "tsserver": "bin/tsserver"
      },
      "engines": {
        "node": ">=14.17"
      }
    },
    "node_modules/@opentui/react": {
      "version": "0.1.102",
      "resolved": "https://registry.npmjs.org/@opentui/react/-/react-0.1.102.tgz",
      "integrity": "sha512-c7EiK30xlvaHc6WBOLAH7TJ8xC4QbiD5ZA6tb4zZ74XM4SH5Tb+uBee8b4TztTLseq+hGtW85qrIUJM3OrdtNw==",
      "license": "MIT",
      "dependencies": {
        "@opentui/core": "0.1.102",
        "react-reconciler": "^0.32.0"
      },
      "peerDependencies": {
        "react": ">=19.0.0",
        "react-devtools-core": "^7.0.1",
        "ws": "^8.18.0"
      }
    },
    "node_modules/@tokenizer/token": {
      "version": "0.3.0",
      "license": "MIT"
    },
    "node_modules/@tree-sitter-grammars/tree-sitter-yaml": {
      "version": "0.7.1",
      "resolved": "https://registry.npmjs.org/@tree-sitter-grammars/tree-sitter-yaml/-/tree-sitter-yaml-0.7.1.tgz",
      "integrity": "sha512-AynBwkIoQCTgjDR33bDUp9Mqq+YTco0is3n5hRApMqG9of/6A4eQsfC1/uSEeHSUyMQSYawcAWamsexnVpIP4Q==",
      "hasInstallScript": true,
      "license": "MIT",
      "dependencies": {
        "node-addon-api": "^8.3.1",
        "node-gyp-build": "^4.8.4"
      },
      "peerDependencies": {
        "tree-sitter": "^0.22.4"
      },
      "peerDependenciesMeta": {
        "tree-sitter": {
          "optional": true
        }
      }
    },
    "node_modules/@types/bun": {
      "version": "1.3.12",
      "resolved": "https://registry.npmjs.org/@types/bun/-/bun-1.3.12.tgz",
      "integrity": "sha512-DBv81elK+/VSwXHDlnH3Qduw+KxkTIWi7TXkAeh24zpi5l0B2kUg9Ga3tb4nJaPcOFswflgi/yAvMVBPrxMB+A==",
      "dev": true,
      "license": "MIT",
      "dependencies": {
        "bun-types": "1.3.12"
      }
    },
    "node_modules/@types/node": {
      "version": "25.6.0",
      "resolved": "https://registry.npmjs.org/@types/node/-/node-25.6.0.tgz",
      "integrity": "sha512-+qIYRKdNYJwY3vRCZMdJbPLJAtGjQBudzZzdzwQYkEPQd+PJGixUL5QfvCLDaULoLv+RhT3LDkwEfKaAkgSmNQ==",
      "dev": true,
      "license": "MIT",
      "dependencies": {
        "undici-types": "~7.19.0"
      }
    },
    "node_modules/@types/react": {
      "version": "19.2.14",
      "resolved": "https://registry.npmjs.org/@types/react/-/react-19.2.14.tgz",
      "integrity": "sha512-ilcTH/UniCkMdtexkoCN0bI7pMcJDvmQFPvuPvmEaYA/NSfFTAgdUSLAoVjaRJm7+6PvcM+q1zYOwS4wTYMF9w==",
      "dev": true,
      "license": "MIT",
      "dependencies": {
        "csstype": "^3.2.2"
      }
    },
    "node_modules/@webgpu/types": {
      "version": "0.1.64",
      "license": "BSD-3-Clause",
      "optional": true
    },
    "node_modules/abort-controller": {
      "version": "3.0.0",
      "license": "MIT",
      "dependencies": {
        "event-target-shim": "^5.0.0"
      },
      "engines": {
        "node": ">=6.5"
      }
    },
    "node_modules/any-base": {
      "version": "1.1.0",
      "license": "MIT"
    },
    "node_modules/await-to-js": {
      "version": "3.0.0",
      "license": "MIT",
      "engines": {
        "node": ">=6.0.0"
      }
    },
    "node_modules/base64-js": {
      "version": "1.5.1",
      "funding": [
        {
          "type": "github",
          "url": "https://github.com/sponsors/feross"
        },
        {
          "type": "patreon",
          "url": "https://www.patreon.com/feross"
        },
        {
          "type": "consulting",
          "url": "https://feross.org/support"
        }
      ],
      "license": "MIT"
    },
    "node_modules/bmp-ts": {
      "version": "1.0.9",
      "license": "MIT"
    },
    "node_modules/buffer": {
      "version": "6.0.3",
      "funding": [
        {
          "type": "github",
          "url": "https://github.com/sponsors/feross"
        },
        {
          "type": "patreon",
          "url": "https://www.patreon.com/feross"
        },
        {
          "type": "consulting",
          "url": "https://feross.org/support"
        }
      ],
      "license": "MIT",
      "dependencies": {
        "base64-js": "^1.3.1",
        "ieee754": "^1.2.1"
      }
    },
    "node_modules/bun-types": {
      "version": "1.3.12",
      "resolved": "https://registry.npmjs.org/bun-types/-/bun-types-1.3.12.tgz",
      "integrity": "sha512-HqOLj5PoFajAQciOMRiIZGNoKxDJSr6qigAttOX40vJuSp6DN/CxWp9s3C1Xwm4oH7ybueITwiaOcWXoYVoRkA==",
      "dev": true,
      "license": "MIT",
      "dependencies": {
        "@types/node": "*"
      }
    },
    "node_modules/bun-webgpu": {
      "version": "0.1.5",
      "license": "Apache-2.0",
      "optional": true,
      "dependencies": {
        "@webgpu/types": "^0.1.60"
      },
      "optionalDependencies": {
        "bun-webgpu-darwin-arm64": "^0.1.5",
        "bun-webgpu-darwin-x64": "^0.1.5",
        "bun-webgpu-linux-x64": "^0.1.5",
        "bun-webgpu-win32-x64": "^0.1.5"
      }
    },
    "node_modules/bun-webgpu-darwin-arm64": {
      "version": "0.1.5",
      "cpu": [
        "arm64"
      ],
      "license": "Apache-2.0",
      "optional": true,
      "os": [
        "darwin"
      ]
    },
    "node_modules/bun-webgpu-darwin-x64": {
      "version": "0.1.6",
      "resolved": "https://registry.npmjs.org/bun-webgpu-darwin-x64/-/bun-webgpu-darwin-x64-0.1.6.tgz",
      "integrity": "sha512-uEddf5U7GvKIkM/BV18rUKtYHL6d0KeqBjNHwfqDH9QgEo9KVSKvJXS5I/sMefk5V5pIYE+8tQhtrREevhocng==",
      "cpu": [
        "x64"
      ],
      "license": "Apache-2.0",
      "optional": true,
      "os": [
        "darwin"
      ]
    },
    "node_modules/bun-webgpu-linux-x64": {
      "version": "0.1.6",
      "resolved": "https://registry.npmjs.org/bun-webgpu-linux-x64/-/bun-webgpu-linux-x64-0.1.6.tgz",
      "integrity": "sha512-Y/f15j9r8ba0xUz+3lATtS74OE+PPzQXO7Do/1eCluJcuOlfa77kMjvBK/ShWnem3Y9xqi59pebTPOGRB+CaJA==",
      "cpu": [
        "x64"
      ],
      "license": "Apache-2.0",
      "optional": true,
      "os": [
        "linux"
      ]
    },
    "node_modules/bun-webgpu-win32-x64": {
      "version": "0.1.6",
      "resolved": "https://registry.npmjs.org/bun-webgpu-win32-x64/-/bun-webgpu-win32-x64-0.1.6.tgz",
      "integrity": "sha512-MHSFAKqizISb+C5NfDrFe3g0Al5Njnu0j/A+oO2Q+bIWX+fUYjBSowiYE1ZXJx65KuryuB+tiM7Qh6cQbVvkEg==",
      "cpu": [
        "x64"
      ],
      "license": "Apache-2.0",
      "optional": true,
      "os": [
        "win32"
      ]
    },
    "node_modules/csstype": {
      "version": "3.2.3",
      "resolved": "https://registry.npmjs.org/csstype/-/csstype-3.2.3.tgz",
      "integrity": "sha512-z1HGKcYy2xA8AGQfwrn0PAy+PB7X/GSj3UVJW9qKyn43xWa+gl5nXmU4qqLMRzWVLFC8KusUX8T/0kCiOYpAIQ==",
      "dev": true,
      "license": "MIT"
    },
    "node_modules/diff": {
      "version": "8.0.2",
      "license": "BSD-3-Clause",
      "engines": {
        "node": ">=0.3.1"
      }
    },
    "node_modules/event-target-shim": {
      "version": "5.0.1",
      "license": "MIT",
      "engines": {
        "node": ">=6"
      }
    },
    "node_modules/events": {
      "version": "3.3.0",
      "license": "MIT",
      "engines": {
        "node": ">=0.8.x"
      }
    },
    "node_modules/exif-parser": {
      "version": "0.1.12"
    },
    "node_modules/file-type": {
      "version": "16.5.4",
      "license": "MIT",
      "dependencies": {
        "readable-web-to-node-stream": "^3.0.0",
        "strtok3": "^6.2.4",
        "token-types": "^4.1.1"
      },
      "engines": {
        "node": ">=10"
      },
      "funding": {
        "url": "https://github.com/sindresorhus/file-type?sponsor=1"
      }
    },
    "node_modules/gifwrap": {
      "version": "0.10.1",
      "license": "MIT",
      "dependencies": {
        "image-q": "^4.0.0",
        "omggif": "^1.0.10"
      }
    },
    "node_modules/ieee754": {
      "version": "1.2.1",
      "funding": [
        {
          "type": "github",
          "url": "https://github.com/sponsors/feross"
        },
        {
          "type": "patreon",
          "url": "https://www.patreon.com/feross"
        },
        {
          "type": "consulting",
          "url": "https://feross.org/support"
        }
      ],
      "license": "BSD-3-Clause"
    },
    "node_modules/image-q": {
      "version": "4.0.0",
      "license": "MIT",
      "dependencies": {
        "@types/node": "16.9.1"
      }
    },
    "node_modules/image-q/node_modules/@types/node": {
      "version": "16.9.1",
      "license": "MIT"
    },
    "node_modules/jimp": {
      "version": "1.6.0",
      "license": "MIT",
      "dependencies": {
        "@jimp/core": "1.6.0",
        "@jimp/diff": "1.6.0",
        "@jimp/js-bmp": "1.6.0",
        "@jimp/js-gif": "1.6.0",
        "@jimp/js-jpeg": "1.6.0",
        "@jimp/js-png": "1.6.0",
        "@jimp/js-tiff": "1.6.0",
        "@jimp/plugin-blit": "1.6.0",
        "@jimp/plugin-blur": "1.6.0",
        "@jimp/plugin-circle": "1.6.0",
        "@jimp/plugin-color": "1.6.0",
        "@jimp/plugin-contain": "1.6.0",
        "@jimp/plugin-cover": "1.6.0",
        "@jimp/plugin-crop": "1.6.0",
        "@jimp/plugin-displace": "1.6.0",
        "@jimp/plugin-dither": "1.6.0",
        "@jimp/plugin-fisheye": "1.6.0",
        "@jimp/plugin-flip": "1.6.0",
        "@jimp/plugin-hash": "1.6.0",
        "@jimp/plugin-mask": "1.6.0",
        "@jimp/plugin-print": "1.6.0",
        "@jimp/plugin-quantize": "1.6.0",
        "@jimp/plugin-resize": "1.6.0",
        "@jimp/plugin-rotate": "1.6.0",
        "@jimp/plugin-threshold": "1.6.0",
        "@jimp/types": "1.6.0",
        "@jimp/utils": "1.6.0"
      },
      "engines": {
        "node": ">=18"
      }
    },
    "node_modules/jpeg-js": {
      "version": "0.4.4",
      "license": "BSD-3-Clause"
    },
    "node_modules/marked": {
      "version": "17.0.1",
      "license": "MIT",
      "bin": {
        "marked": "bin/marked.js"
      },
      "engines": {
        "node": ">= 20"
      }
    },
    "node_modules/mime": {
      "version": "3.0.0",
      "license": "MIT",
      "bin": {
        "mime": "cli.js"
      },
      "engines": {
        "node": ">=10.0.0"
      }
    },
    "node_modules/node-addon-api": {
      "version": "8.7.0",
      "resolved": "https://registry.npmjs.org/node-addon-api/-/node-addon-api-8.7.0.tgz",
      "integrity": "sha512-9MdFxmkKaOYVTV+XVRG8ArDwwQ77XIgIPyKASB1k3JPq3M8fGQQQE3YpMOrKm6g//Ktx8ivZr8xo1Qmtqub+GA==",
      "license": "MIT",
      "engines": {
        "node": "^18 || ^20 || >= 21"
      }
    },
    "node_modules/node-gyp-build": {
      "version": "4.8.4",
      "resolved": "https://registry.npmjs.org/node-gyp-build/-/node-gyp-build-4.8.4.tgz",
      "integrity": "sha512-LA4ZjwlnUblHVgq0oBF3Jl/6h/Nvs5fzBLwdEF4nuxnFdsfajde4WfxtJr3CaiH+F6ewcIB/q4jQ4UzPyid+CQ==",
      "license": "MIT",
      "bin": {
        "node-gyp-build": "bin.js",
        "node-gyp-build-optional": "optional.js",
        "node-gyp-build-test": "build-test.js"
      }
    },
    "node_modules/omggif": {
      "version": "1.0.10",
      "license": "MIT"
    },
    "node_modules/pako": {
      "version": "1.0.11",
      "license": "(MIT AND Zlib)"
    },
    "node_modules/parse-bmfont-ascii": {
      "version": "1.0.6",
      "license": "MIT"
    },
    "node_modules/parse-bmfont-binary": {
      "version": "1.0.6",
      "license": "MIT"
    },
    "node_modules/parse-bmfont-xml": {
      "version": "1.1.6",
      "license": "MIT",
      "dependencies": {
        "xml-parse-from-string": "^1.0.0",
        "xml2js": "^0.5.0"
      }
    },
    "node_modules/peek-readable": {
      "version": "4.1.0",
      "license": "MIT",
      "engines": {
        "node": ">=8"
      },
      "funding": {
        "type": "github",
        "url": "https://github.com/sponsors/Borewit"
      }
    },
    "node_modules/pixelmatch": {
      "version": "5.3.0",
      "license": "ISC",
      "dependencies": {
        "pngjs": "^6.0.0"
      },
      "bin": {
        "pixelmatch": "bin/pixelmatch"
      }
    },
    "node_modules/pixelmatch/node_modules/pngjs": {
      "version": "6.0.0",
      "license": "MIT",
      "engines": {
        "node": ">=12.13.0"
      }
    },
    "node_modules/planck": {
      "version": "1.4.2",
      "license": "MIT",
      "optional": true,
      "engines": {
        "node": ">=14.0"
      },
      "peerDependencies": {
        "stage-js": "^1.0.0-alpha.12"
      }
    },
    "node_modules/pngjs": {
      "version": "7.0.0",
      "license": "MIT",
      "engines": {
        "node": ">=14.19.0"
      }
    },
    "node_modules/process": {
      "version": "0.11.10",
      "license": "MIT",
      "engines": {
        "node": ">= 0.6.0"
      }
    },
    "node_modules/react": {
      "version": "19.2.4",
      "license": "MIT",
      "engines": {
        "node": ">=0.10.0"
      }
    },
    "node_modules/react-devtools-core": {
      "version": "7.0.1",
      "license": "MIT",
      "peer": true,
      "dependencies": {
        "shell-quote": "^1.6.1",
        "ws": "^7"
      }
    },
    "node_modules/react-devtools-core/node_modules/ws": {
      "version": "7.5.10",
      "license": "MIT",
      "peer": true,
      "engines": {
        "node": ">=8.3.0"
      },
      "peerDependencies": {
        "bufferutil": "^4.0.1",
        "utf-8-validate": "^5.0.2"
      },
      "peerDependenciesMeta": {
        "bufferutil": {
          "optional": true
        },
        "utf-8-validate": {
          "optional": true
        }
      }
    },
    "node_modules/react-reconciler": {
      "version": "0.32.0",
      "license": "MIT",
      "dependencies": {
        "scheduler": "^0.26.0"
      },
      "engines": {
        "node": ">=0.10.0"
      },
      "peerDependencies": {
        "react": "^19.1.0"
      }
    },
    "node_modules/readable-stream": {
      "version": "4.7.0",
      "license": "MIT",
      "dependencies": {
        "abort-controller": "^3.0.0",
        "buffer": "^6.0.3",
        "events": "^3.3.0",
        "process": "^0.11.10",
        "string_decoder": "^1.3.0"
      },
      "engines": {
        "node": "^12.22.0 || ^14.17.0 || >=16.0.0"
      }
    },
    "node_modules/readable-web-to-node-stream": {
      "version": "3.0.4",
      "license": "MIT",
      "dependencies": {
        "readable-stream": "^4.7.0"
      },
      "engines": {
        "node": ">=8"
      },
      "funding": {
        "type": "github",
        "url": "https://github.com/sponsors/Borewit"
      }
    },
    "node_modules/safe-buffer": {
      "version": "5.2.1",
      "funding": [
        {
          "type": "github",
          "url": "https://github.com/sponsors/feross"
        },
        {
          "type": "patreon",
          "url": "https://www.patreon.com/feross"
        },
        {
          "type": "consulting",
          "url": "https://feross.org/support"
        }
      ],
      "license": "MIT"
    },
    "node_modules/sax": {
      "version": "1.4.1",
      "license": "ISC"
    },
    "node_modules/scheduler": {
      "version": "0.26.0",
      "license": "MIT"
    },
    "node_modules/shell-quote": {
      "version": "1.8.3",
      "license": "MIT",
      "peer": true,
      "engines": {
        "node": ">= 0.4"
      },
      "funding": {
        "url": "https://github.com/sponsors/ljharb"
      }
    },
    "node_modules/simple-xml-to-json": {
      "version": "1.2.3",
      "license": "MIT",
      "engines": {
        "node": ">=20.12.2"
      }
    },
    "node_modules/stage-js": {
      "version": "1.0.0-alpha.17",
      "license": "MIT",
      "optional": true,
      "peer": true,
      "engines": {
        "node": ">=18.0"
      }
    },
    "node_modules/string_decoder": {
      "version": "1.3.0",
      "license": "MIT",
      "dependencies": {
        "safe-buffer": "~5.2.0"
      }
    },
    "node_modules/strtok3": {
      "version": "6.3.0",
      "license": "MIT",
      "dependencies": {
        "@tokenizer/token": "^0.3.0",
        "peek-readable": "^4.1.0"
      },
      "engines": {
        "node": ">=10"
      },
      "funding": {
        "type": "github",
        "url": "https://github.com/sponsors/Borewit"
      }
    },
    "node_modules/three": {
      "version": "0.177.0",
      "license": "MIT",
      "optional": true
    },
    "node_modules/tinycolor2": {
      "version": "1.6.0",
      "license": "MIT"
    },
    "node_modules/token-types": {
      "version": "4.2.1",
      "license": "MIT",
      "dependencies": {
        "@tokenizer/token": "^0.3.0",
        "ieee754": "^1.2.1"
      },
      "engines": {
        "node": ">=10"
      },
      "funding": {
        "type": "github",
        "url": "https://github.com/sponsors/Borewit"
      }
    },
    "node_modules/tree-sitter-bash": {
      "version": "0.25.1",
      "resolved": "https://registry.npmjs.org/tree-sitter-bash/-/tree-sitter-bash-0.25.1.tgz",
      "integrity": "sha512-7hMytuYIMoXOq24yRulgIxthE9YmggZIOHCyPTTuJcu6EU54tYD+4G39cUb28kxC6jMf/AbPfWGLQtgPTdh3xw==",
      "hasInstallScript": true,
      "license": "MIT",
      "dependencies": {
        "node-addon-api": "^8.2.1",
        "node-gyp-build": "^4.8.2"
      },
      "peerDependencies": {
        "tree-sitter": "^0.25.0"
      },
      "peerDependenciesMeta": {
        "tree-sitter": {
          "optional": true
        }
      }
    },
    "node_modules/tree-sitter-java": {
      "version": "0.23.5",
      "resolved": "https://registry.npmjs.org/tree-sitter-java/-/tree-sitter-java-0.23.5.tgz",
      "integrity": "sha512-Yju7oQ0Xx7GcUT01mUglPP+bYfvqjNCGdxqigTnew9nLGoII42PNVP3bHrYeMxswiCRM0yubWmN5qk+zsg0zMA==",
      "hasInstallScript": true,
      "license": "MIT",
      "dependencies": {
        "node-addon-api": "^8.2.2",
        "node-gyp-build": "^4.8.2"
      },
      "peerDependencies": {
        "tree-sitter": "^0.21.1"
      },
      "peerDependenciesMeta": {
        "tree-sitter": {
          "optional": true
        }
      }
    },
    "node_modules/tree-sitter-json": {
      "version": "0.24.8",
      "resolved": "https://registry.npmjs.org/tree-sitter-json/-/tree-sitter-json-0.24.8.tgz",
      "integrity": "sha512-Tc9ZZYwHyWZ3Tt1VEw7Pa2scu1YO7/d2BCBbKTx5hXwig3UfdQjsOPkPyLpDJOn/m1UBEWYAtSdGAwCSyagBqQ==",
      "hasInstallScript": true,
      "license": "MIT",
      "dependencies": {
        "node-addon-api": "^8.2.2",
        "node-gyp-build": "^4.8.2"
      },
      "peerDependencies": {
        "tree-sitter": "^0.21.1"
      },
      "peerDependenciesMeta": {
        "tree-sitter": {
          "optional": true
        }
      }
    },
    "node_modules/typescript": {
      "version": "6.0.3",
      "resolved": "https://registry.npmjs.org/typescript/-/typescript-6.0.3.tgz",
      "integrity": "sha512-y2TvuxSZPDyQakkFRPZHKFm+KKVqIisdg9/CZwm9ftvKXLP8NRWj38/ODjNbr43SsoXqNuAisEf1GdCxqWcdBw==",
      "dev": true,
      "license": "Apache-2.0",
      "bin": {
        "tsc": "bin/tsc",
        "tsserver": "bin/tsserver"
      },
      "engines": {
        "node": ">=14.17"
      }
    },
    "node_modules/undici-types": {
      "version": "7.19.2",
      "resolved": "https://registry.npmjs.org/undici-types/-/undici-types-7.19.2.tgz",
      "integrity": "sha512-qYVnV5OEm2AW8cJMCpdV20CDyaN3g0AjDlOGf1OW4iaDEx8MwdtChUp4zu4H0VP3nDRF/8RKWH+IPp9uW0YGZg==",
      "dev": true,
      "license": "MIT"
    },
    "node_modules/utif2": {
      "version": "4.1.0",
      "license": "MIT",
      "dependencies": {
        "pako": "^1.0.11"
      }
    },
    "node_modules/web-tree-sitter": {
      "version": "0.25.10",
      "resolved": "https://registry.npmjs.org/web-tree-sitter/-/web-tree-sitter-0.25.10.tgz",
      "integrity": "sha512-Y09sF44/13XvgVKgO2cNDw5rGk6s26MgoZPXLESvMXeefBf7i6/73eFurre0IsTW6E14Y0ArIzhUMmjoc7xyzA==",
      "license": "MIT",
      "peerDependencies": {
        "@types/emscripten": "^1.40.0"
      },
      "peerDependenciesMeta": {
        "@types/emscripten": {
          "optional": true
        }
      }
    },
    "node_modules/ws": {
      "version": "8.18.3",
      "license": "MIT",
      "peer": true,
      "engines": {
        "node": ">=10.0.0"
      },
      "peerDependencies": {
        "bufferutil": "^4.0.1",
        "utf-8-validate": ">=5.0.2"
      },
      "peerDependenciesMeta": {
        "bufferutil": {
          "optional": true
        },
        "utf-8-validate": {
          "optional": true
        }
      }
    },
    "node_modules/xml-parse-from-string": {
      "version": "1.0.1",
      "license": "MIT"
    },
    "node_modules/xml2js": {
      "version": "0.5.0",
      "license": "MIT",
      "dependencies": {
        "sax": ">=0.6.0",
        "xmlbuilder": "~11.0.0"
      },
      "engines": {
        "node": ">=4.0.0"
      }
    },
    "node_modules/xmlbuilder": {
      "version": "11.0.1",
      "license": "MIT",
      "engines": {
        "node": ">=4.0"
      }
    },
    "node_modules/yoga-layout": {
      "version": "3.2.1",
      "license": "MIT"
    },
    "node_modules/zod": {
      "version": "3.25.76",
      "license": "MIT",
      "funding": {
        "url": "https://github.com/sponsors/colinhacks"
      }
    }
  }
}
